
Microsoft Visual Studio Solution File, Format Version 12.00
# Visual Studio Version 16
VisualStudioVersion = 16.0.30128.74
MinimumVisualStudioVersion = 10.0.40219.1
Project("{FAE04EC0-301F-11D3-BF4B-00C04F79EFBC}") = "inheritancePrac", "inheritancePrac\inheritancePrac.csproj", "{B57B6017-967F-424E-8908-5C8FF20277E3}"
EndProject
Global
	GlobalSection(SolutionConfigurationPlatforms) = preSolution
		Debug|Any CPU = Debug|Any CPU
		Release|Any CPU = Release|Any CPU
	EndGlobalSection
	GlobalSection(ProjectConfigurationPlatforms) = postSolution
		{B57B6017-967F-424E-8908-5C8FF20277E3}.Debug|Any CPU.ActiveCfg = Debug|Any CPU
		{B57B6017-967F-424E-8908-5C8FF20277E3}.Debug|Any CPU.Build.0 = Debug|Any CPU
		{B57B6017-967F-424E-8908-5C8FF20277E3}.Release|Any CPU.ActiveCfg = Release|Any CPU
		{B57B6017-967F-424E-8908-5C8FF20277E3}.Release|Any CPU.Build.0 = Release|Any CPU
	EndGlobalSection
	GlobalSection(SolutionProperties) = preSolution
		HideSolutionNode = FALSE
	EndGlobalSection
	GlobalSection(ExtensibilityGlobals) = postSolution
		SolutionGuid = {23C08C67-B823-4CB2-B1C9-E6239C4DBC98}
	EndGlobalSection
EndGlobal
